
Microsoft Visual Studio Solution File, Format Version 12.00
# Visual Studio Version 16
VisualStudioVersion = 16.0.32106.194
MinimumVisualStudioVersion = 10.0.40219.1
Project("{FAE04EC0-301F-11D3-BF4B-00C04F79EFBC}") = "Portfel_Investora", "Portfel_Investora.csproj", "{CA646D67-B57C-4ECF-ABC3-7E14F65F6A4B}"
EndProject
Global
	GlobalSection(SolutionConfigurationPlatforms) = preSolution
		Debug|Any CPU = Debug|Any CPU
		Release|Any CPU = Release|Any CPU
	EndGlobalSection
	GlobalSection(ProjectConfigurationPlatforms) = postSolution
		{CA646D67-B57C-4ECF-ABC3-7E14F65F6A4B}.Debug|Any CPU.ActiveCfg = Debug|Any CPU
		{CA646D67-B57C-4ECF-ABC3-7E14F65F6A4B}.Debug|Any CPU.Build.0 = Debug|Any CPU
		{CA646D67-B57C-4ECF-ABC3-7E14F65F6A4B}.Release|Any CPU.ActiveCfg = Release|Any CPU
		{CA646D67-B57C-4ECF-ABC3-7E14F65F6A4B}.Release|Any CPU.Build.0 = Release|Any CPU
	EndGlobalSection
	GlobalSection(SolutionProperties) = preSolution
		HideSolutionNode = FALSE
	EndGlobalSection
	GlobalSection(ExtensibilityGlobals) = postSolution
		SolutionGuid = {ED269AAD-5799-434E-AC25-8A0A9361C60E}
	EndGlobalSection
EndGlobal
